
Microsoft Visual Studio Solution File, Format Version 12.00
# Visual Studio Version 17
VisualStudioVersion = 17.5.002.0
MinimumVisualStudioVersion = 10.0.40219.1
Project("{9A19103F-16F7-4668-BE54-9A1E7A4F7556}") = "Business", "Business.csproj", "{888275FA-546F-4AEF-A946-65A878F57A8B}"
EndProject
Global
	GlobalSection(SolutionConfigurationPlatforms) = preSolution
		Debug|Any CPU = Debug|Any CPU
		Release|Any CPU = Release|Any CPU
	EndGlobalSection
	GlobalSection(ProjectConfigurationPlatforms) = postSolution
		{888275FA-546F-4AEF-A946-65A878F57A8B}.Debug|Any CPU.ActiveCfg = Debug|Any CPU
		{888275FA-546F-4AEF-A946-65A878F57A8B}.Debug|Any CPU.Build.0 = Debug|Any CPU
		{888275FA-546F-4AEF-A946-65A878F57A8B}.Release|Any CPU.ActiveCfg = Release|Any CPU
		{888275FA-546F-4AEF-A946-65A878F57A8B}.Release|Any CPU.Build.0 = Release|Any CPU
	EndGlobalSection
	GlobalSection(SolutionProperties) = preSolution
		HideSolutionNode = FALSE
	EndGlobalSection
	GlobalSection(ExtensibilityGlobals) = postSolution
		SolutionGuid = {2B5467F0-2B83-453F-A8F7-EFF9DA69B570}
	EndGlobalSection
EndGlobal
